// !$*UTF8*$!
{
	archiveVersion = 1;
	classes = {
	};
	objectVersion = 46;
	objects = {

/* Begin PBXBuildFile section */
		7B5B03E91AA96ED8002750A5 /* AppDelegate.swift in Sources */ = {isa = PBXBuildFile; fileRef = 7B5B03E81AA96ED8002750A5 /* AppDelegate.swift */; };
		7B5B03EB1AA96ED8002750A5 /* ViewController.swift in Sources */ = {isa = PBXBuildFile; fileRef = 7B5B03EA1AA96ED8002750A5 /* ViewController.swift */; };
		7B5B03EE1AA96ED8002750A5 /* Main.storyboard in Resources */ = {isa = PBXBuildFile; fileRef = 7B5B03EC1AA96ED8002750A5 /* Main.storyboard */; };
		7B5B03F01AA96ED8002750A5 /* Images.xcassets in Resources */ = {isa = PBXBuildFile; fileRef = 7B5B03EF1AA96ED8002750A5 /* Images.xcassets */; };
		7B5B03F31AA96ED8002750A5 /* LaunchScreen.xib in Resources */ = {isa = PBXBuildFile; fileRef = 7B5B03F11AA96ED8002750A5 /* LaunchScreen.xib */; };
		7B5B03FF1AA96ED8002750A5 /* PostcasdTests.swift in Sources */ = {isa = PBXBuildFile; fileRef = 7B5B03FE1AA96ED8002750A5 /* PostcasdTests.swift */; };
/* End PBXBuildFile section */

/* Begin PBXContainerItemProxy section */
		7B5B03F91AA96ED8002750A5 /* PBXContainerItemProxy */ = {
			isa = PBXContainerItemProxy;
			containerPortal = 7B5B03DB1AA96ED8002750A5 /* Project object */;
			proxyType = 1;
			remoteGlobalIDString = 7B5B03E21AA96ED8002750A5;
			remoteInfo = Postcasd;
		};
/* End PBXContainerItemProxy section */

/* Begin PBXFileReference section */
		7B5B03E31AA96ED8002750A5 /* Postcasd.app */ = {isa = PBXFileReference; explicitFileType = wrapper.application; includeInIndex = 0; path = Postcasd.app; sourceTree = BUILT_PRODUCTS_DIR; };
		7B5B03E71AA96ED8002750A5 /* Info.plist */ = {isa = PBXFileReference; lastKnownFileType = text.plist.xml; path = Info.plist; sourceTree = "<group>"; };
		7B5B03E81AA96ED8002750A5 /* AppDelegate.swift */ = {isa = PBXFileReference; lastKnownFileType = sourcecode.swift; path = AppDelegate.swift; sourceTree = "<group>"; };
		7B5B03EA1AA96ED8002750A5 /* ViewController.swift */ = {isa = PBXFileReference; lastKnownFileType = sourcecode.swift; path = ViewController.swift; sourceTree = "<group>"; };
		7B5B03ED1AA96ED8002750A5 /* Base */ = {isa = PBXFileReference; lastKnownFileType = file.storyboard; name = Base; path = Base.lproj/Main.storyboard; sourceTree = "<group>"; };
		7B5B03EF1AA96ED8002750A5 /* Images.xcassets */ = {isa = PBXFileReference; lastKnownFileType = folder.assetcatalog; path = Images.xcassets; sourceTree = "<group>"; };
		7B5B03F21AA96ED8002750A5 /* Base */ = {isa = PBXFileReference; lastKnownFileType = file.xib; name = Base; path = Base.lproj/LaunchScreen.xib; sourceTree = "<group>"; };
		7B5B03F81AA96ED8002750A5 /* PostcasdTests.xctest */ = {isa = PBXFileReference; explicitFileType = wrapper.cfbundle; includeInIndex = 0; path = PostcasdTests.xctest; sourceTree = BUILT_PRODUCTS_DIR; };
		7B5B03FD1AA96ED8002750A5 /* Info.plist */ = {isa = PBXFileReference; lastKnownFileType = text.plist.xml; path = Info.plist; sourceTree = "<group>"; };
		7B5B03FE1AA96ED8002750A5 /* PostcasdTests.swift */ = {isa = PBXFileReference; lastKnownFileType = sourcecode.swift; path = PostcasdTests.swift; sourceTree = "<group>"; };
/* End PBXFileReference section */

/* Begin PBXFrameworksBuildPhase section */
		7B5B03E01AA96ED8002750A5 /* Frameworks */ = {
			isa = PBXFrameworksBuildPhase;
			buildActionMask = 2147483647;
			files = (
			);
			runOnlyForDeploymentPostprocessing = 0;
		};
		7B5B03F51AA96ED8002750A5 /* Frameworks */ = {
			isa = PBXFrameworksBuildPhase;
			buildActionMask = 2147483647;
			files = (
			);
			runOnlyForDeploymentPostprocessing = 0;
		};
/* End PBXFrameworksBuildPhase section */

/* Begin PBXGroup section */
		7B5B03DA1AA96ED8002750A5 = {
			isa = PBXGroup;
			children = (
				7B5B03E51AA96ED8002750A5 /* Postcasd */,
				7B5B03FB1AA96ED8002750A5 /* PostcasdTests */,
				7B5B03E41AA96ED8002750A5 /* Products */,
			);
			sourceTree = "<group>";
		};
		7B5B03E41AA96ED8002750A5 /* Products */ = {
			isa = PBXGroup;
			children = (
				7B5B03E31AA96ED8002750A5 /* Postcasd.app */,
				7B5B03F81AA96ED8002750A5 /* PostcasdTests.xctest */,
			);
			name = Products;
			sourceTree = "<group>";
		};
		7B5B03E51AA96ED8002750A5 /* Postcasd */ = {
			isa = PBXGroup;
			children = (
				7B5B03E81AA96ED8002750A5 /* AppDelegate.swift */,
				7B5B03EA1AA96ED8002750A5 /* ViewController.swift */,
				7B5B03EC1AA96ED8002750A5 /* Main.storyboard */,
				7B5B03EF1AA96ED8002750A5 /* Images.xcassets */,
				7B5B03F11AA96ED8002750A5 /* LaunchScreen.xib */,
				7B5B03E61AA96ED8002750A5 /* Supporting Files */,
			);
			path = Postcasd;
			sourceTree = "<group>";
		};
		7B5B03E61AA96ED8002750A5 /* Supporting Files */ = {
			isa = PBXGroup;
			children = (
				7B5B03E71AA96ED8002750A5 /* Info.plist */,
			);
			name = "Supporting Files";
			sourceTree = "<group>";
		};
		7B5B03FB1AA96ED8002750A5 /* PostcasdTests */ = {
			isa = PBXGroup;
			children = (
				7B5B03FE1AA96ED8002750A5 /* PostcasdTests.swift */,
				7B5B03FC1AA96ED8002750A5 /* Supporting Files */,
			);
			path = PostcasdTests;
			sourceTree = "<group>";
		};
		7B5B03FC1AA96ED8002750A5 /* Supporting Files */ = {
			isa = PBXGroup;
			children = (
				7B5B03FD1AA96ED8002750A5 /* Info.plist */,
			);
			name = "Supporting Files";
			sourceTree = "<group>";
		};
/* End PBXGroup section */

/* Begin PBXNativeTarget section */
		7B5B03E21AA96ED8002750A5 /* Postcasd */ = {
			isa = PBXNativeTarget;
			buildConfigurationList = 7B5B04021AA96ED8002750A5 /* Build configuration list for PBXNativeTarget "Postcasd" */;
			buildPhases = (
				7B5B03DF1AA96ED8002750A5 /* Sources */,
				7B5B03E01AA96ED8002750A5 /* Frameworks */,
				7B5B03E11AA96ED8002750A5 /* Resources */,
			);
			buildRules = (
			);
			dependencies = (
			);
			name = Postcasd;
			productName = Postcasd;
			productReference = 7B5B03E31AA96ED8002750A5 /* Postcasd.app */;
			productType = "com.apple.product-type.application";
		};
		7B5B03F71AA96ED8002750A5 /* PostcasdTests */ = {
			isa = PBXNativeTarget;
			buildConfigurationList = 7B5B04051AA96ED8002750A5 /* Build configuration list for PBXNativeTarget "PostcasdTests" */;
			buildPhases = (
				7B5B03F41AA96ED8002750A5 /* Sources */,
				7B5B03F51AA96ED8002750A5 /* Frameworks */,
				7B5B03F61AA96ED8002750A5 /* Resources */,
			);
			buildRules = (
			);
			dependencies = (
				7B5B03FA1AA96ED8002750A5 /* PBXTargetDependency */,
			);
			name = PostcasdTests;
			productName = PostcasdTests;
			productReference = 7B5B03F81AA96ED8002750A5 /* PostcasdTests.xctest */;
			productType = "com.apple.product-type.bundle.unit-test";
		};
/* End PBXNativeTarget section */

/* Begin PBXProject section */
		7B5B03DB1AA96ED8002750A5 /* Project object */ = {
			isa = PBXProject;
			attributes = {
				LastUpgradeCheck = 0610;
				ORGANIZATIONNAME = "Zhongjie Chen";
				TargetAttributes = {
					7B5B03E21AA96ED8002750A5 = {
						CreatedOnToolsVersion = 6.1.1;
					};
					7B5B03F71AA96ED8002750A5 = {
						CreatedOnToolsVersion = 6.1.1;
						TestTargetID = 7B5B03E21AA96ED8002750A5;
					};
				};
			};
			buildConfigurationList = 7B5B03DE1AA96ED8002750A5 /* Build configuration list for PBXProject "Postcasd" */;
			compatibilityVersion = "Xcode 3.2";
			developmentRegion = English;
			hasScannedForEncodings = 0;
			knownRegions = (
				en,
				Base,
			);
			mainGroup = 7B5B03DA1AA96ED8002750A5;
			productRefGroup = 7B5B03E41AA96ED8002750A5 /* Products */;
			projectDirPath = "";
			projectRoot = "";
			targets = (
				7B5B03E21AA96ED8002750A5 /* Postcasd */,
				7B5B03F71AA96ED8002750A5 /* PostcasdTests */,
			);
		};
/* End PBXProject section */

/* Begin PBXResourcesBuildPhase section */
		7B5B03E11AA96ED8002750A5 /* Resources */ = {
			isa = PBXResourcesBuildPhase;
			buildActionMask = 2147483647;
			files = (
				7B5B03EE1AA96ED8002750A5 /* Main.storyboard in Resources */,
				7B5B03F31AA96ED8002750A5 /* LaunchScreen.xib in Resources */,
				7B5B03F01AA96ED8002750A5 /* Images.xcassets in Resources */,
			);
			runOnlyForDeploymentPostprocessing = 0;
		};
		7B5B03F61AA96ED8002750A5 /* Resources */ = {
			isa = PBXResourcesBuildPhase;
			buildActionMask = 2147483647;
			files = (
			);
			runOnlyForDeploymentPostprocessing = 0;
		};
/* End PBXResourcesBuildPhase section */

/* Begin PBXSourcesBuildPhase section */
		7B5B03DF1AA96ED8002750A5 /* Sources */ = {
			isa = PBXSourcesBuildPhase;
			buildActionMask = 2147483647;
			files = (
				7B5B03EB1AA96ED8002750A5 /* ViewController.swift in Sources */,
				7B5B03E91AA96ED8002750A5 /* AppDelegate.swift in Sources */,
			);
			runOnlyForDeploymentPostprocessing = 0;
		};
		7B5B03F41AA96ED8002750A5 /* Sources */ = {
			isa = PBXSourcesBuildPhase;
			buildActionMask = 2147483647;
			files = (
				7B5B03FF1AA96ED8002750A5 /* PostcasdTests.swift in Sources */,
			);
			runOnlyForDeploymentPostprocessing = 0;
		};
/* End PBXSourcesBuildPhase section */

/* Begin PBXTargetDependency section */
		7B5B03FA1AA96ED8002750A5 /* PBXTargetDependency */ = {
			isa = PBXTargetDependency;
			target = 7B5B03E21AA96ED8002750A5 /* Postcasd */;
			targetProxy = 7B5B03F91AA96ED8002750A5 /* PBXContainerItemProxy */;
		};
/* End PBXTargetDependency section */

/* Begin PBXVariantGroup section */
		7B5B03EC1AA96ED8002750A5 /* Main.storyboard */ = {
			isa = PBXVariantGroup;
			children = (
				7B5B03ED1AA96ED8002750A5 /* Base */,
			);
			name = Main.storyboard;
			sourceTree = "<group>";
		};
		7B5B03F11AA96ED8002750A5 /* LaunchScreen.xib */ = {
			isa = PBXVariantGroup;
			children = (
				7B5B03F21AA96ED8002750A5 /* Base */,
			);
			name = LaunchScreen.xib;
			sourceTree = "<group>";
		};
/* End PBXVariantGroup section */

/* Begin XCBuildConfiguration section */
		7B5B04001AA96ED8002750A5 /* Debug */ = {
			isa = XCBuildConfiguration;
			buildSettings = {
				ALWAYS_SEARCH_USER_PATHS = NO;
				CLANG_CXX_LANGUAGE_STANDARD = "gnu++0x";
				CLANG_CXX_LIBRARY = "libc++";
				CLANG_ENABLE_MODULES = YES;
				CLANG_ENABLE_OBJC_ARC = YES;
				CLANG_WARN_BOOL_CONVERSION = YES;
				CLANG_WARN_CONSTANT_CONVERSION = YES;
				CLANG_WARN_DIRECT_OBJC_ISA_USAGE = YES_ERROR;
				CLANG_WARN_EMPTY_BODY = YES;
				CLANG_WARN_ENUM_CONVERSION = YES;
				CLANG_WARN_INT_CONVERSION = YES;
				CLANG_WARN_OBJC_ROOT_CLASS = YES_ERROR;
				CLANG_WARN_UNREACHABLE_CODE = YES;
				CLANG_WARN__DUPLICATE_METHOD_MATCH = YES;
				"CODE_SIGN_IDENTITY[sdk=iphoneos*]" = "iPhone Developer";
				COPY_PHASE_STRIP = NO;
				ENABLE_STRICT_OBJC_MSGSEND = YES;
				GCC_C_LANGUAGE_STANDARD = gnu99;
				GCC_DYNAMIC_NO_PIC = NO;
				GCC_OPTIMIZATION_LEVEL = 0;
				GCC_PREPROCESSOR_DEFINITIONS = (
					"DEBUG=1",
					"$(inherited)",
				);
				GCC_SYMBOLS_PRIVATE_EXTERN = NO;
				GCC_WARN_64_TO_32_BIT_CONVERSION = YES;
				GCC_WARN_ABOUT_RETURN_TYPE = YES_ERROR;
				GCC_WARN_UNDECLARED_SELECTOR = YES;
				GCC_WARN_UNINITIALIZED_AUTOS = YES_AGGRESSIVE;
				GCC_WARN_UNUSED_FUNCTION = YES;
				GCC_WARN_UNUSED_VARIABLE = YES;
				IPHONEOS_DEPLOYMENT_TARGET = 8.1;
				MTL_ENABLE_DEBUG_INFO = YES;
				ONLY_ACTIVE_ARCH = YES;
				SDKROOT = iphoneos;
				SWIFT_OPTIMIZATION_LEVEL = "-Onone";
				TARGETED_DEVICE_FAMILY = "1,2";
			};
			name = Debug;
		};
		7B5B04011AA96ED8002750A5 /* Release */ = {
			isa = XCBuildConfiguration;
			buildSettings = {
				ALWAYS_SEARCH_USER_PATHS = NO;
				CLANG_CXX_LANGUAGE_STANDARD = "gnu++0x";
				CLANG_CXX_LIBRARY = "libc++";
				CLANG_ENABLE_MODULES = YES;
				CLANG_ENABLE_OBJC_ARC = YES;
				CLANG_WARN_BOOL_CONVERSION = YES;
				CLANG_WARN_CONSTANT_CONVERSION = YES;
				CLANG_WARN_DIRECT_OBJC_ISA_USAGE = YES_ERROR;
				CLANG_WARN_EMPTY_BODY = YES;
				CLANG_WARN_ENUM_CONVERSION = YES;
				CLANG_WARN_INT_CONVERSION = YES;
				CLANG_WARN_OBJC_ROOT_CLASS = YES_ERROR;
				CLANG_WARN_UNREACHABLE_CODE = YES;
				CLANG_WARN__DUPLICATE_METHOD_MATCH = YES;
				"CODE_SIGN_IDENTITY[sdk=iphoneos*]" = "iPhone Developer";
				COPY_PHASE_STRIP = YES;
				ENABLE_NS_ASSERTIONS = NO;
				ENABLE_STRICT_OBJC_MSGSEND = YES;
				GCC_C_LANGUAGE_STANDARD = gnu99;
				GCC_WARN_64_TO_32_BIT_CONVERSION = YES;
				GCC_WARN_ABOUT_RETURN_TYPE = YES_ERROR;
				GCC_WARN_UNDECLARED_SELECTOR = YES;
				GCC_WARN_UNINITIALIZED_AUTOS = YES_AGGRESSIVE;
				GCC_WARN_UNUSED_FUNCTION = YES;
				GCC_WARN_UNUSED_VARIABLE = YES;
				IPHONEOS_DEPLOYMENT_TARGET = 8.1;
				MTL_ENABLE_DEBUG_INFO = NO;
				SDKROOT = iphoneos;
				TARGETED_DEVICE_FAMILY = "1,2";
				VALIDATE_PRODUCT = YES;
			};
			name = Release;
		};
		7B5B04031AA96ED8002750A5 /* Debug */ = {
			isa = XCBuildConfiguration;
			buildSettings = {
				ASSETCATALOG_COMPILER_APPICON_NAME = AppIcon;
				INFOPLIST_FILE = Postcasd/Info.plist;
				LD_RUNPATH_SEARCH_PATHS = "$(inherited) @executable_path/Frameworks";
				PRODUCT_NAME = "$(TARGET_NAME)";
			};
			name = Debug;
		};
		7B5B04041AA96ED8002750A5 /* Release */ = {
			isa = XCBuildConfiguration;
			buildSettings = {
				ASSETCATALOG_COMPILER_APPICON_NAME = AppIcon;
				INFOPLIST_FILE = Postcasd/Info.plist;
				LD_RUNPATH_SEARCH_PATHS = "$(inherited) @executable_path/Frameworks";
				PRODUCT_NAME = "$(TARGET_NAME)";
			};
			name = Release;
		};
		7B5B04061AA96ED8002750A5 /* Debug */ = {
			isa = XCBuildConfiguration;
			buildSettings = {
				BUNDLE_LOADER = "$(TEST_HOST)";
				FRAMEWORK_SEARCH_PATHS = (
					"$(SDKROOT)/Developer/Library/Frameworks",
					"$(inherited)",
				);
				GCC_PREPROCESSOR_DEFINITIONS = (
					"DEBUG=1",
					"$(inherited)",
				);
				INFOPLIST_FILE = PostcasdTests/Info.plist;
				LD_RUNPATH_SEARCH_PATHS = "$(inherited) @executable_path/Frameworks @loader_path/Frameworks";
				PRODUCT_NAME = "$(TARGET_NAME)";
				TEST_HOST = "$(BUILT_PRODUCTS_DIR)/Postcasd.app/Postcasd";
			};
			name = Debug;
		};
		7B5B04071AA96ED8002750A5 /* Release */ = {
			isa = XCBuildConfiguration;
			buildSettings = {
				BUNDLE_LOADER = "$(TEST_HOST)";
				FRAMEWORK_SEARCH_PATHS = (
					"$(SDKROOT)/Developer/Library/Frameworks",
					"$(inherited)",
				);
				INFOPLIST_FILE = PostcasdTests/Info.plist;
				LD_RUNPATH_SEARCH_PATHS = "$(inherited) @executable_path/Frameworks @loader_path/Frameworks";
				PRODUCT_NAME = "$(TARGET_NAME)";
				TEST_HOST = "$(BUILT_PRODUCTS_DIR)/Postcasd.app/Postcasd";
			};
			name = Release;
		};
/* End XCBuildConfiguration section */

/* Begin XCConfigurationList section */
		7B5B03DE1AA96ED8002750A5 /* Build configuration list for PBXProject "Postcasd" */ = {
			isa = XCConfigurationList;
			buildConfigurations = (
				7B5B04001AA96ED8002750A5 /* Debug */,
				7B5B04011AA96ED8002750A5 /* Release */,
			);
			defaultConfigurationIsVisible = 0;
			defaultConfigurationName = Release;
		};
		7B5B04021AA96ED8002750A5 /* Build configuration list for PBXNativeTarget "Postcasd" */ = {
			isa = XCConfigurationList;
			buildConfigurations = (
				7B5B04031AA96ED8002750A5 /* Debug */,
				7B5B04041AA96ED8002750A5 /* Release */,
			);
			defaultConfigurationIsVisible = 0;
		};
		7B5B04051AA96ED8002750A5 /* Build configuration list for PBXNativeTarget "PostcasdTests" */ = {
			isa = XCConfigurationList;
			buildConfigurations = (
				7B5B04061AA96ED8002750A5 /* Debug */,
				7B5B04071AA96ED8002750A5 /* Release */,
			);
			defaultConfigurationIsVisible = 0;
		};
/* End XCConfigurationList section */
	};
	rootObject = 7B5B03DB1AA96ED8002750A5 /* Project object */;
}
